
Microsoft Visual Studio Solution File, Format Version 12.00
# Visual Studio Version 16
VisualStudioVersion = 16.0.29409.12
MinimumVisualStudioVersion = 10.0.40219.1
Project("{FAE04EC0-301F-11D3-BF4B-00C04F79EFBC}") = "morseCode", "morseCode\morseCode.csproj", "{CBAFD581-CB49-417A-AA1E-F2F822E632B7}"
EndProject
Global
	GlobalSection(SolutionConfigurationPlatforms) = preSolution
		Debug|Any CPU = Debug|Any CPU
		Release|Any CPU = Release|Any CPU
	EndGlobalSection
	GlobalSection(ProjectConfigurationPlatforms) = postSolution
		{CBAFD581-CB49-417A-AA1E-F2F822E632B7}.Debug|Any CPU.ActiveCfg = Debug|Any CPU
		{CBAFD581-CB49-417A-AA1E-F2F822E632B7}.Debug|Any CPU.Build.0 = Debug|Any CPU
		{CBAFD581-CB49-417A-AA1E-F2F822E632B7}.Release|Any CPU.ActiveCfg = Release|Any CPU
		{CBAFD581-CB49-417A-AA1E-F2F822E632B7}.Release|Any CPU.Build.0 = Release|Any CPU
	EndGlobalSection
	GlobalSection(SolutionProperties) = preSolution
		HideSolutionNode = FALSE
	EndGlobalSection
	GlobalSection(ExtensibilityGlobals) = postSolution
		SolutionGuid = {AE7A19DF-F67D-4845-A48D-FF21F0C4AD4B}
	EndGlobalSection
EndGlobal
